lockfileVersion: '9.0'

settings:
  autoInstallPeers: true
  excludeLinksFromLockfile: false

importers:

  .:
    dependencies:
      '@types/html-escaper':
        specifier: 3.0.0
        version: 3.0.0
      '@types/node':
        specifier: 17.0.21
        version: 17.0.21
      '@types/node-7z':
        specifier: 2.1.4
        version: 2.1.4
      header-generator:
        specifier: ^2.1.52
        version: 2.1.69
      html-escaper:
        specifier: 3.0.3
        version: 3.0.3
      node-7z:
        specifier: 3.0.0
        version: 3.0.0
      node-html-parser:
        specifier: 5.3.3
        version: 5.3.3
      socks-proxy-agent:
        specifier: ^6.2.0
        version: 6.2.1
      typescript:
        specifier: ^5.0.0
        version: 5.8.3
      zeromq:
        specifier: ^6.0.4
        version: 6.4.2

packages:

  '@sindresorhus/is@4.6.0':
    resolution: {integrity: sha512-t09vSN3MdfsyCHoFcTRCH/iUtG7OJ0CsjzB8cjAmKc/va/kIgeDI/TxsigdncE/4be734m0cvIYwNaV4i2XqAw==}
    engines: {node: '>=10'}

  '@types/html-escaper@3.0.0':
    resolution: {integrity: sha512-OcJcvP3Yk8mjYwf/IdXZtTE1tb/u0WF0qa29ER07ZHCYUBZXSN29Z1mBS+/96+kNMGTFUAbSz9X+pHmHpZrTCw==}

  '@types/node-7z@2.1.4':
    resolution: {integrity: sha512-SayS5Cld62m7wRsKtBJheNBYRTVmKK+wTmW16EmYf2FuRTSGHKPx/p2OqAVjeKSQss9qcCKDGG9yv7D+Pi+iNg==}

  '@types/node@17.0.21':
    resolution: {integrity: sha512-DBZCJbhII3r90XbQxI8Y9IjjiiOGlZ0Hr32omXIZvwwZ7p4DMMXGrKXVyPfuoBOri9XNtL0UK69jYIBIsRX3QQ==}

  adm-zip@0.5.16:
    resolution: {integrity: sha512-TGw5yVi4saajsSEgz25grObGHEUaDrniwvA2qwSC060KfqGPdglhvPMA2lPIoxs3PQIItj2iag35fONcQqgUaQ==}
    engines: {node: '>=12.0'}

  agent-base@6.0.2:
    resolution: {integrity: sha512-RZNwNclF7+MS/8bDg70amg32dyeZGZxiDuQmZxKLAlQjr3jGyLx+4Kkk58UO7D2QdgFIQCovuSuZESne6RG6XQ==}
    engines: {node: '>= 6.0.0'}

  boolbase@1.0.0:
    resolution: {integrity: sha512-JZOSA7Mo9sNGB8+UjSgzdLtokWAky1zbztM3WRLCbZ70/3cTANmQmOdR7y2g+J0e2WXywy1yS468tY+IruqEww==}

  browserslist@4.25.1:
    resolution: {integrity: sha512-KGj0KoOMXLpSNkkEI6Z6mShmQy0bc1I+T7K9N81k4WWMrfz+6fQ6es80B/YLAeRoKvjYE1YSHHOW1qe9xIVzHw==}
    engines: {node: ^6 || ^7 || ^8 || ^9 || ^10 || ^11 || ^12 || >=13.7}
    hasBin: true

  callsites@3.1.0:
    resolution: {integrity: sha512-P8BjAsXvZS+VIDUI11hHCQEv74YT67YUi5JJFNWIqL235sBmjX4+qx9Muvls5ivyNENctx46xQLQ3aTuE7ssaQ==}
    engines: {node: '>=6'}

  caniuse-lite@1.0.30001726:
    resolution: {integrity: sha512-VQAUIUzBiZ/UnlM28fSp2CRF3ivUn1BWEvxMcVTNwpw91Py1pGbPIyIKtd+tzct9C3ouceCVdGAXxZOpZAsgdw==}

  cmake-ts@0.6.1:
    resolution: {integrity: sha512-uUn2qGhf20j8W/sQ7+UnvvqO1zNccqgbLgwRJi7S23FsjMWJqxvKK80Vc+tvLNKfpJzwH0rgoQD1l24SMnX0yg==}
    hasBin: true

  css-select@4.3.0:
    resolution: {integrity: sha512-wPpOYtnsVontu2mODhA19JrqWxNsfdatRKd64kmpRbQgh1KtItko5sTnEpPdpSaJszTOhEMlF/RPz28qj4HqhQ==}

  css-what@6.2.2:
    resolution: {integrity: sha512-u/O3vwbptzhMs3L1fQE82ZSLHQQfto5gyZzwteVIEyeaY5Fc7R4dapF/BvRoSYFeqfBk4m0V1Vafq5Pjv25wvA==}
    engines: {node: '>= 6'}

  debug@4.4.1:
    resolution: {integrity: sha512-KcKCqiftBJcZr++7ykoDIEwSa3XWowTfNPo92BYxjXiyYEVrUQh2aLyhxBCwww+heortUFxEJYcRzosstTEBYQ==}
    engines: {node: '>=6.0'}
    peerDependencies:
      supports-color: '*'
    peerDependenciesMeta:
      supports-color:
        optional: true

  dom-serializer@1.4.1:
    resolution: {integrity: sha512-VHwB3KfrcOOkelEG2ZOfxqLZdfkil8PtJi4P8N2MMXucZq2yLp75ClViUlOVwyoHEDjYU433Aq+5zWP61+RGag==}

  domelementtype@2.3.0:
    resolution: {integrity: sha512-OLETBj6w0OsagBwdXnPdN0cnMfF9opN69co+7ZrbfPGrdpPVNBUj02spi6B1N7wChLQiPn4CSH/zJvXw56gmHw==}

  domhandler@4.3.1:
    resolution: {integrity: sha512-GrwoxYN+uWlzO8uhUXRl0P+kHE4GtVPfYzVLcUxPL7KNdHKj66vvlhiweIHqYYXWlw+T8iLMp42Lm67ghw4WMQ==}
    engines: {node: '>= 4'}

  domutils@2.8.0:
    resolution: {integrity: sha512-w96Cjofp72M5IIhpjgobBimYEfoPjx1Vx0BSX9P30WBdZW2WIKU0T1Bd0kz2eNZ9ikjKgHbEyKx8BB6H1L3h3A==}

  dot-prop@6.0.1:
    resolution: {integrity: sha512-tE7ztYzXHIeyvc7N+hR3oi7FIbf/NIjVP9hmAt3yMXzrQ072/fpjGLx2GxNxGxUl5V73MEqYzioOMoVhGMJ5cA==}
    engines: {node: '>=10'}

  electron-to-chromium@1.5.178:
    resolution: {integrity: sha512-wObbz/ar3Bc6e4X5vf0iO8xTN8YAjN/tgiAOJLr7yjYFtP9wAjq8Mb5h0yn6kResir+VYx2DXBj9NNobs0ETSA==}

  entities@2.2.0:
    resolution: {integrity: sha512-p92if5Nz619I0w+akJrLZH0MX0Pb5DX39XOwQTtXSdQQOaYH03S1uIQp4mhOZtAXrxq4ViO67YTiLBo2638o9A==}

  escalade@3.2.0:
    resolution: {integrity: sha512-WUj2qlxaQtO4g6Pq5c29GTcWGDyd8itL8zTlipgECz3JesAiiOKotd8JU6otB3PACgG6xkJUyVhboMS+bje/jA==}
    engines: {node: '>=6'}

  generative-bayesian-network@2.1.69:
    resolution: {integrity: sha512-k8GgdPT9oCRchU4+7ofh/qpsmvSaOI0znFt/edanyWBBxLjSnjoSU97C15fGqQSdJIZ9uwsCU0RO8xnpLEX95w==}

  he@1.2.0:
    resolution: {integrity: sha512-F/1DnUGPopORZi0ni+CvrCgHQ5FyEAHRLSApuYWMmrbSwoN2Mn/7k+Gl38gJnR7yyDZk6WLXwiGod1JOWNDKGw==}
    hasBin: true

  header-generator@2.1.69:
    resolution: {integrity: sha512-J3BK8UtPAR1Lvvfd/qlzmAS1Qb6Q2qx4K1s4FjYVrYvSQnUc7GgOAo9uacebg6WGCdP0eWxtojh7JwEd+AD2Hw==}
    engines: {node: '>=16.0.0'}

  html-escaper@3.0.3:
    resolution: {integrity: sha512-RuMffC89BOWQoY0WKGpIhn5gX3iI54O6nRA0yC124NYVtzjmFWBIiFd8M0x+ZdX0P9R4lADg1mgP8C7PxGOWuQ==}

  ip-address@9.0.5:
    resolution: {integrity: sha512-zHtQzGojZXTwZTHQqra+ETKd4Sn3vgi7uBmlPoXVWZqYvuKmtI0l/VZTjqGmJY9x88GGOaZ9+G9ES8hC4T4X8g==}
    engines: {node: '>= 12'}

  is-obj@2.0.0:
    resolution: {integrity: sha512-drqDG3cbczxxEJRoOXcOjtdp1J/lyp1mNn0xaznRs8+muBhgQcrnbspox5X5fOw0HnMnbfDzvnEMEtqDEJEo8w==}
    engines: {node: '>=8'}

  jsbn@1.1.0:
    resolution: {integrity: sha512-4bYVV3aAMtDTTu4+xsDYa6sy9GyJ69/amsu9sYF2zqjiEoZA5xJi3BrfX3uY+/IekIu7MwdObdbDWpoZdBv3/A==}

  lodash.defaultsdeep@4.6.1:
    resolution: {integrity: sha512-3j8wdDzYuWO3lM3Reg03MuQR957t287Rpcxp1njpEa8oDrikb+FwGdW3n+FELh/A6qib6yPit0j/pv9G/yeAqA==}

  lodash.defaultto@4.14.0:
    resolution: {integrity: sha512-G6tizqH6rg4P5j32Wy4Z3ZIip7OfG8YWWlPFzUFGcYStH1Ld0l1tWs6NevEQNEDnO1M3NZYjuHuraaFSN5WqeQ==}

  lodash.flattendeep@4.4.0:
    resolution: {integrity: sha512-uHaJFihxmJcEX3kT4I23ABqKKalJ/zDrDg0lsFtc1h+3uw49SIJ5beyhx5ExVRti3AvKoOJngIj7xz3oylPdWQ==}

  lodash.isempty@4.4.0:
    resolution: {integrity: sha512-oKMuF3xEeqDltrGMfDxAPGIVMSSRv8tbRSODbrs4KGsRRLEhrW8N8Rd4DRgB2+621hY8A8XwwrTVhXWpxFvMzg==}

  lodash.isequal@4.5.0:
    resolution: {integrity: sha512-pDo3lu8Jhfjqls6GkMgpahsF9kCyayhgykjyLMNFTKWrpVdAQtYyB4muAMWozBB4ig/dtWAmsMxLEI8wuz+DYQ==}
    deprecated: This package is deprecated. Use require('node:util').isDeepStrictEqual instead.

  lodash.negate@3.0.2:
    resolution: {integrity: sha512-JGJYYVslKYC0tRMm/7igfdHulCjoXjoganRNWM8AgS+RXfOvFnPkOveDhPI65F9aAypCX9QEEQoBqWf7Q6uAeA==}

  ms@2.1.3:
    resolution: {integrity: sha512-6FlzubTLZG3J2a/NVCAleEhjzq5oxgHyaCU9yYXvcLsvoVaHJq/s5xXI6/XXP6tz7R9xAOtHnSO/tXtF3WRTlA==}

  node-7z@3.0.0:
    resolution: {integrity: sha512-KIznWSxIkOYO/vOgKQfJEaXd7rgoFYKZbaurainCEdMhYc7V7mRHX+qdf2HgbpQFcdJL/Q6/XOPrDLoBeTfuZA==}
    engines: {node: '>=10'}

  node-addon-api@8.4.0:
    resolution: {integrity: sha512-D9DI/gXHvVmjHS08SVch0Em8G5S1P+QWtU31appcKT/8wFSPRcdHadIFSAntdMMVM5zz+/DL+bL/gz3UDppqtg==}
    engines: {node: ^18 || ^20 || >= 21}

  node-html-parser@5.3.3:
    resolution: {integrity: sha512-ncg1033CaX9UexbyA7e1N0aAoAYRDiV8jkTvzEnfd1GDvzFdrsXLzR4p4ik8mwLgnaKP/jyUFWDy9q3jvRT2Jw==}

  node-releases@2.0.19:
    resolution: {integrity: sha512-xxOWJsBKtzAq7DY0J+DTzuz58K8e7sJbdgwkbMWQe8UYB6ekmsQ45q0M/tJDsGaZmbC+l7n57UV8Hl5tHxO9uw==}

  normalize-path@3.0.0:
    resolution: {integrity: sha512-6eZs5Ls3WtCisHWp9S2GUy8dqkpGi4BVSz3GaqiE6ezub0512ESztXUwUB6C6IKbQkY2Pnb/mD4WYojCRwcwLA==}
    engines: {node: '>=0.10.0'}

  nth-check@2.1.1:
    resolution: {integrity: sha512-lqjrjmaOoAnWfMmBPL+XNnynZh2+swxiX3WUE0s4yEHI6m+AwrK2UZOimIRl3X/4QctVqS8AiZjFqyOGrMXb/w==}

  ow@0.28.2:
    resolution: {integrity: sha512-dD4UpyBh/9m4X2NVjA+73/ZPBRF+uF4zIMFvvQsabMiEK8x41L3rQ8EENOi35kyyoaJwNxEeJcP6Fj1H4U409Q==}
    engines: {node: '>=12'}

  picocolors@1.1.1:
    resolution: {integrity: sha512-xceH2snhtb5M9liqDsmEw56le376mTZkEX/jEb/RxNFyegNul7eNslCXP9FDj/Lcu0X8KEyMceP2ntpaHrDEVA==}

  smart-buffer@4.2.0:
    resolution: {integrity: sha512-94hK0Hh8rPqQl2xXc3HsaBoOXKV20MToPkcXvwbISWLEs+64sBq5kFgn2kJDHb1Pry9yrP0dxrCI9RRci7RXKg==}
    engines: {node: '>= 6.0.0', npm: '>= 3.0.0'}

  socks-proxy-agent@6.2.1:
    resolution: {integrity: sha512-a6KW9G+6B3nWZ1yB8G7pJwL3ggLy1uTzKAgCb7ttblwqdz9fMGJUuTy3uFzEP48FAs9FLILlmzDlE2JJhVQaXQ==}
    engines: {node: '>= 10'}

  socks@2.8.5:
    resolution: {integrity: sha512-iF+tNDQla22geJdTyJB1wM/qrX9DMRwWrciEPwWLPRWAUEM8sQiyxgckLxWT1f7+9VabJS0jTGGr4QgBuvi6Ww==}
    engines: {node: '>= 10.0.0', npm: '>= 3.0.0'}

  sprintf-js@1.1.3:
    resolution: {integrity: sha512-Oo+0REFV59/rz3gfJNKQiBlwfHaSESl1pcGyABQsnnIfWOFt6JNj5gCog2U6MLZ//IGYD+nA8nI+mTShREReaA==}

  tslib@2.8.1:
    resolution: {integrity: sha512-oJFu94HQb+KVduSUQL7wnpmqnfmLsOA/nAh6b6EH0wCEoK0/mPeXU6c3wKDV83MkOuHPRHtSXKKU99IBazS/2w==}

  typescript@5.8.3:
    resolution: {integrity: sha512-p1diW6TqL9L07nNxvRMM7hMMw4c5XOo/1ibL4aAIGmSAt9slTE1Xgw5KWuof2uTOvCg9BY7ZRi+GaF+7sfgPeQ==}
    engines: {node: '>=14.17'}
    hasBin: true

  update-browserslist-db@1.1.3:
    resolution: {integrity: sha512-UxhIZQ+QInVdunkDAaiazvvT/+fXL5Osr0JZlJulepYu6Jd7qJtDZjlur0emRlT71EN3ScPoE7gvsuIKKNavKw==}
    hasBin: true
    peerDependencies:
      browserslist: '>= 4.21.0'

  vali-date@1.0.0:
    resolution: {integrity: sha512-sgECfZthyaCKW10N0fm27cg8HYTFK5qMWgypqkXMQ4Wbl/zZKx7xZICgcoxIIE+WFAP/MBL2EFwC/YvLxw3Zeg==}
    engines: {node: '>=0.10.0'}

  zeromq@6.4.2:
    resolution: {integrity: sha512-FnQlI4lEAewE4JexJ6kqQuBVzRf0Mg1n/qE3uXilfosf+X5lqJPiaYfdL/w4SzgAEVBTyqbMt9NbjwI5H89Yaw==}
    engines: {node: '>= 12'}

snapshots:

  '@sindresorhus/is@4.6.0': {}

  '@types/html-escaper@3.0.0': {}

  '@types/node-7z@2.1.4':
    dependencies:
      '@types/node': 17.0.21

  '@types/node@17.0.21': {}

  adm-zip@0.5.16: {}

  agent-base@6.0.2:
    dependencies:
      debug: 4.4.1
    transitivePeerDependencies:
      - supports-color

  boolbase@1.0.0: {}

  browserslist@4.25.1:
    dependencies:
      caniuse-lite: 1.0.30001726
      electron-to-chromium: 1.5.178
      node-releases: 2.0.19
      update-browserslist-db: 1.1.3(browserslist@4.25.1)

  callsites@3.1.0: {}

  caniuse-lite@1.0.30001726: {}

  cmake-ts@0.6.1: {}

  css-select@4.3.0:
    dependencies:
      boolbase: 1.0.0
      css-what: 6.2.2
      domhandler: 4.3.1
      domutils: 2.8.0
      nth-check: 2.1.1

  css-what@6.2.2: {}

  debug@4.4.1:
    dependencies:
      ms: 2.1.3

  dom-serializer@1.4.1:
    dependencies:
      domelementtype: 2.3.0
      domhandler: 4.3.1
      entities: 2.2.0

  domelementtype@2.3.0: {}

  domhandler@4.3.1:
    dependencies:
      domelementtype: 2.3.0

  domutils@2.8.0:
    dependencies:
      dom-serializer: 1.4.1
      domelementtype: 2.3.0
      domhandler: 4.3.1

  dot-prop@6.0.1:
    dependencies:
      is-obj: 2.0.0

  electron-to-chromium@1.5.178: {}

  entities@2.2.0: {}

  escalade@3.2.0: {}

  generative-bayesian-network@2.1.69:
    dependencies:
      adm-zip: 0.5.16
      tslib: 2.8.1

  he@1.2.0: {}

  header-generator@2.1.69:
    dependencies:
      browserslist: 4.25.1
      generative-bayesian-network: 2.1.69
      ow: 0.28.2
      tslib: 2.8.1

  html-escaper@3.0.3: {}

  ip-address@9.0.5:
    dependencies:
      jsbn: 1.1.0
      sprintf-js: 1.1.3

  is-obj@2.0.0: {}

  jsbn@1.1.0: {}

  lodash.defaultsdeep@4.6.1: {}

  lodash.defaultto@4.14.0: {}

  lodash.flattendeep@4.4.0: {}

  lodash.isempty@4.4.0: {}

  lodash.isequal@4.5.0: {}

  lodash.negate@3.0.2: {}

  ms@2.1.3: {}

  node-7z@3.0.0:
    dependencies:
      debug: 4.4.1
      lodash.defaultsdeep: 4.6.1
      lodash.defaultto: 4.14.0
      lodash.flattendeep: 4.4.0
      lodash.isempty: 4.4.0
      lodash.negate: 3.0.2
      normalize-path: 3.0.0
    transitivePeerDependencies:
      - supports-color

  node-addon-api@8.4.0: {}

  node-html-parser@5.3.3:
    dependencies:
      css-select: 4.3.0
      he: 1.2.0

  node-releases@2.0.19: {}

  normalize-path@3.0.0: {}

  nth-check@2.1.1:
    dependencies:
      boolbase: 1.0.0

  ow@0.28.2:
    dependencies:
      '@sindresorhus/is': 4.6.0
      callsites: 3.1.0
      dot-prop: 6.0.1
      lodash.isequal: 4.5.0
      vali-date: 1.0.0

  picocolors@1.1.1: {}

  smart-buffer@4.2.0: {}

  socks-proxy-agent@6.2.1:
    dependencies:
      agent-base: 6.0.2
      debug: 4.4.1
      socks: 2.8.5
    transitivePeerDependencies:
      - supports-color

  socks@2.8.5:
    dependencies:
      ip-address: 9.0.5
      smart-buffer: 4.2.0

  sprintf-js@1.1.3: {}

  tslib@2.8.1: {}

  typescript@5.8.3: {}

  update-browserslist-db@1.1.3(browserslist@4.25.1):
    dependencies:
      browserslist: 4.25.1
      escalade: 3.2.0
      picocolors: 1.1.1

  vali-date@1.0.0: {}

  zeromq@6.4.2:
    dependencies:
      cmake-ts: 0.6.1
      node-addon-api: 8.4.0
